
Microsoft Visual Studio Solution File, Format Version 12.00
# Visual Studio Version 17
VisualStudioVersion = 17.2.32505.173
MinimumVisualStudioVersion = 10.0.40219.1
Project("{FAE04EC0-301F-11D3-BF4B-00C04F79EFBC}") = "Entities", "Entities\Entities.csproj", "{A79C9584-78AE-4DC7-848D-4CBC9C32E36B}"
EndProject
Project("{FAE04EC0-301F-11D3-BF4B-00C04F79EFBC}") = "DataAccess", "DataAccess\DataAccess.csproj", "{39699D9F-0933-4821-9B1B-C9F250F591A2}"
EndProject
Project("{FAE04EC0-301F-11D3-BF4B-00C04F79EFBC}") = "Business", "Business\Business.csproj", "{8B0082D3-508F-40CC-BB16-30CEEC8F9D3F}"
EndProject
Project("{FAE04EC0-301F-11D3-BF4B-00C04F79EFBC}") = "WebAPI", "WebAPI\WebAPI.csproj", "{E672303D-CE2E-431D-99F3-DF0EE6002256}"
EndProject
Global
	GlobalSection(SolutionConfigurationPlatforms) = preSolution
		Debug|Any CPU = Debug|Any CPU
		Release|Any CPU = Release|Any CPU
	EndGlobalSection
	GlobalSection(ProjectConfigurationPlatforms) = postSolution
		{A79C9584-78AE-4DC7-848D-4CBC9C32E36B}.Debug|Any CPU.ActiveCfg = Debug|Any CPU
		{A79C9584-78AE-4DC7-848D-4CBC9C32E36B}.Debug|Any CPU.Build.0 = Debug|Any CPU
		{A79C9584-78AE-4DC7-848D-4CBC9C32E36B}.Release|Any CPU.ActiveCfg = Release|Any CPU
		{A79C9584-78AE-4DC7-848D-4CBC9C32E36B}.Release|Any CPU.Build.0 = Release|Any CPU
		{39699D9F-0933-4821-9B1B-C9F250F591A2}.Debug|Any CPU.ActiveCfg = Debug|Any CPU
		{39699D9F-0933-4821-9B1B-C9F250F591A2}.Debug|Any CPU.Build.0 = Debug|Any CPU
		{39699D9F-0933-4821-9B1B-C9F250F591A2}.Release|Any CPU.ActiveCfg = Release|Any CPU
		{39699D9F-0933-4821-9B1B-C9F250F591A2}.Release|Any CPU.Build.0 = Release|Any CPU
		{8B0082D3-508F-40CC-BB16-30CEEC8F9D3F}.Debug|Any CPU.ActiveCfg = Debug|Any CPU
		{8B0082D3-508F-40CC-BB16-30CEEC8F9D3F}.Debug|Any CPU.Build.0 = Debug|Any CPU
		{8B0082D3-508F-40CC-BB16-30CEEC8F9D3F}.Release|Any CPU.ActiveCfg = Release|Any CPU
		{8B0082D3-508F-40CC-BB16-30CEEC8F9D3F}.Release|Any CPU.Build.0 = Release|Any CPU
		{E672303D-CE2E-431D-99F3-DF0EE6002256}.Debug|Any CPU.ActiveCfg = Debug|Any CPU
		{E672303D-CE2E-431D-99F3-DF0EE6002256}.Debug|Any CPU.Build.0 = Debug|Any CPU
		{E672303D-CE2E-431D-99F3-DF0EE6002256}.Release|Any CPU.ActiveCfg = Release|Any CPU
		{E672303D-CE2E-431D-99F3-DF0EE6002256}.Release|Any CPU.Build.0 = Release|Any CPU
	EndGlobalSection
	GlobalSection(SolutionProperties) = preSolution
		HideSolutionNode = FALSE
	EndGlobalSection
	GlobalSection(ExtensibilityGlobals) = postSolution
		SolutionGuid = {F591A7B1-C26D-4839-A833-ED4EA2D8528E}
	EndGlobalSection
EndGlobal
